// !$*UTF8*$!
{
	archiveVersion = 1;
	classes = {
	};
	objectVersion = 46;
	objects = {

/* Begin PBXBuildFile section */
		8517DB6E163B4FBD005E2CCE /* LoginViewController.m in Sources */ = {isa = PBXBuildFile; fileRef = 8517DB6D163B4FBD005E2CCE /* LoginViewController.m */; };
		8558D0C2163B662600547816 /* comercios_poid_map.png in Resources */ = {isa = PBXBuildFile; fileRef = 8558D08D163B662600547816 /* comercios_poid_map.png */; };
		8558D0C3163B662600547816 /* comercios_poid_map@2x.png in Resources */ = {isa = PBXBuildFile; fileRef = 8558D08E163B662600547816 /* comercios_poid_map@2x.png */; };
		8558D0C4163B662600547816 /* comun_btn_navigation_accept.png in Resources */ = {isa = PBXBuildFile; fileRef = 8558D08F163B662600547816 /* comun_btn_navigation_accept.png */; };
		8558D0C5163B662600547816 /* comun_btn_navigation_accept@2x.png in Resources */ = {isa = PBXBuildFile; fileRef = 8558D090163B662600547816 /* comun_btn_navigation_accept@2x.png */; };
		8558D0C6163B662600547816 /* comun_btn_navigation_cancel.png in Resources */ = {isa = PBXBuildFile; fileRef = 8558D091163B662600547816 /* comun_btn_navigation_cancel.png */; };
		8558D0C7163B662600547816 /* comun_btn_navigation_cancel@2x.png in Resources */ = {isa = PBXBuildFile; fileRef = 8558D092163B662600547816 /* comun_btn_navigation_cancel@2x.png */; };
		8558D0C8163B662600547816 /* comun_btn_navigation_cuadrado.png in Resources */ = {isa = PBXBuildFile; fileRef = 8558D093163B662600547816 /* comun_btn_navigation_cuadrado.png */; };
		8558D0C9163B662600547816 /* comun_btn_navigation_cuadrado@2x.png in Resources */ = {isa = PBXBuildFile; fileRef = 8558D094163B662600547816 /* comun_btn_navigation_cuadrado@2x.png */; };
		8558D0CA163B662600547816 /* comun_check_list.png in Resources */ = {isa = PBXBuildFile; fileRef = 8558D095163B662600547816 /* comun_check_list.png */; };
		8558D0CB163B662600547816 /* comun_icon_alquiler.png in Resources */ = {isa = PBXBuildFile; fileRef = 8558D096163B662600547816 /* comun_icon_alquiler.png */; };
		8558D0CC163B662600547816 /* comun_icon_btn_anadir_blue.png in Resources */ = {isa = PBXBuildFile; fileRef = 8558D097163B662600547816 /* comun_icon_btn_anadir_blue.png */; };
		8558D0CD163B662600547816 /* comun_icon_btn_anadir.png in Resources */ = {isa = PBXBuildFile; fileRef = 8558D098163B662600547816 /* comun_icon_btn_anadir.png */; };
		8558D0CE163B662600547816 /* comun_icon_btn_carrito.png in Resources */ = {isa = PBXBuildFile; fileRef = 8558D099163B662600547816 /* comun_icon_btn_carrito.png */; };
		8558D0CF163B662600547816 /* comun_icon_gasolia.png in Resources */ = {isa = PBXBuildFile; fileRef = 8558D09A163B662600547816 /* comun_icon_gasolia.png */; };
		8558D0D0163B662600547816 /* comun_icon_generico.png in Resources */ = {isa = PBXBuildFile; fileRef = 8558D09B163B662600547816 /* comun_icon_generico.png */; };
		8558D0D1163B662600547816 /* comun_icon_musica.png in Resources */ = {isa = PBXBuildFile; fileRef = 8558D09C163B662600547816 /* comun_icon_musica.png */; };
		8558D0D2163B662600547816 /* comun_icon_navigation_list.png in Resources */ = {isa = PBXBuildFile; fileRef = 8558D09D163B662600547816 /* comun_icon_navigation_list.png */; };
		8558D0D3163B662600547816 /* comun_icon_navigation_list@2x.png in Resources */ = {isa = PBXBuildFile; fileRef = 8558D09E163B662600547816 /* comun_icon_navigation_list@2x.png */; };
		8558D0D4163B662600547816 /* comun_icon_navigation_map.png in Resources */ = {isa = PBXBuildFile; fileRef = 8558D09F163B662600547816 /* comun_icon_navigation_map.png */; };
		8558D0D5163B662600547816 /* comun_icon_navigation_map@2x.png in Resources */ = {isa = PBXBuildFile; fileRef = 8558D0A0163B662600547816 /* comun_icon_navigation_map@2x.png */; };
		8558D0D6163B662600547816 /* comun_icon_restaurantes.png in Resources */ = {isa = PBXBuildFile; fileRef = 8558D0A1163B662600547816 /* comun_icon_restaurantes.png */; };
		8558D0D7163B662600547816 /* comun_icon_ropa.png in Resources */ = {isa = PBXBuildFile; fileRef = 8558D0A2163B662600547816 /* comun_icon_ropa.png */; };
		8558D0D8163B662600547816 /* comun_navigation_bar_back.png in Resources */ = {isa = PBXBuildFile; fileRef = 8558D0A3163B662600547816 /* comun_navigation_bar_back.png */; };
		8558D0D9163B662600547816 /* comun_navigation_bar_back@2x.png in Resources */ = {isa = PBXBuildFile; fileRef = 8558D0A4163B662600547816 /* comun_navigation_bar_back@2x.png */; };
		8558D0DA163B662600547816 /* comun_navigation.png in Resources */ = {isa = PBXBuildFile; fileRef = 8558D0A5163B662600547816 /* comun_navigation.png */; };
		8558D0DB163B662600547816 /* comun_navigation@2x.png in Resources */ = {isa = PBXBuildFile; fileRef = 8558D0A6163B662600547816 /* comun_navigation@2x.png */; };
		8558D0DC163B662600547816 /* comun_tabbar_background_selec.png in Resources */ = {isa = PBXBuildFile; fileRef = 8558D0A7163B662600547816 /* comun_tabbar_background_selec.png */; };
		8558D0DD163B662600547816 /* comun_tabbar_background_selec@2x.png in Resources */ = {isa = PBXBuildFile; fileRef = 8558D0A8163B662600547816 /* comun_tabbar_background_selec@2x.png */; };
		8558D0DE163B662600547816 /* comun_tabbar_background.png in Resources */ = {isa = PBXBuildFile; fileRef = 8558D0A9163B662600547816 /* comun_tabbar_background.png */; };
		8558D0DF163B662600547816 /* comun_tabbar_background@2x.png in Resources */ = {isa = PBXBuildFile; fileRef = 8558D0AA163B662600547816 /* comun_tabbar_background@2x.png */; };
		8558D0E0163B662600547816 /* i_phone_la_caixa.png in Resources */ = {isa = PBXBuildFile; fileRef = 8558D0AB163B662600547816 /* i_phone_la_caixa.png */; };
		8558D0E1163B662600547816 /* login_logo_caixa.png in Resources */ = {isa = PBXBuildFile; fileRef = 8558D0AC163B662600547816 /* login_logo_caixa.png */; };
		8558D0E2163B662600547816 /* ranking_icon_1.png in Resources */ = {isa = PBXBuildFile; fileRef = 8558D0AD163B662600547816 /* ranking_icon_1.png */; };
		8558D0E3163B662600547816 /* ranking_icon_2.png in Resources */ = {isa = PBXBuildFile; fileRef = 8558D0AE163B662600547816 /* ranking_icon_2.png */; };
		8558D0E4163B662600547816 /* ranking_icon_3.png in Resources */ = {isa = PBXBuildFile; fileRef = 8558D0AF163B662600547816 /* ranking_icon_3.png */; };
		8558D0E5163B662600547816 /* ranking_icon_list_my_position.png in Resources */ = {isa = PBXBuildFile; fileRef = 8558D0B0163B662600547816 /* ranking_icon_list_my_position.png */; };
		8558D0E6163B662600547816 /* tabbar_icon_comercios_.png in Resources */ = {isa = PBXBuildFile; fileRef = 8558D0B1163B662600547816 /* tabbar_icon_comercios_.png */; };
		8558D0E7163B662600547816 /* tabbar_icon_comercios_@2x.png in Resources */ = {isa = PBXBuildFile; fileRef = 8558D0B2163B662600547816 /* tabbar_icon_comercios_@2x.png */; };
		8558D0E8163B662600547816 /* tabbar_icon_comercios.png in Resources */ = {isa = PBXBuildFile; fileRef = 8558D0B3163B662600547816 /* tabbar_icon_comercios.png */; };
		8558D0E9163B662600547816 /* tabbar_icon_comercios@2x.png in Resources */ = {isa = PBXBuildFile; fileRef = 8558D0B4163B662600547816 /* tabbar_icon_comercios@2x.png */; };
		8558D0EA163B662600547816 /* tabbar_icon_cuentas_.png in Resources */ = {isa = PBXBuildFile; fileRef = 8558D0B5163B662600547816 /* tabbar_icon_cuentas_.png */; };
		8558D0EB163B662600547816 /* tabbar_icon_cuentas_@2x.png in Resources */ = {isa = PBXBuildFile; fileRef = 8558D0B6163B662600547816 /* tabbar_icon_cuentas_@2x.png */; };
		8558D0EC163B662600547816 /* tabbar_icon_cuentas.png in Resources */ = {isa = PBXBuildFile; fileRef = 8558D0B7163B662600547816 /* tabbar_icon_cuentas.png */; };
		8558D0ED163B662600547816 /* tabbar_icon_cuentas@2x.png in Resources */ = {isa = PBXBuildFile; fileRef = 8558D0B8163B662600547816 /* tabbar_icon_cuentas@2x.png */; };
		8558D0EE163B662600547816 /* tabbar_icon_ranking_.png in Resources */ = {isa = PBXBuildFile; fileRef = 8558D0B9163B662600547816 /* tabbar_icon_ranking_.png */; };
		8558D0EF163B662600547816 /* tabbar_icon_ranking_@2x.png in Resources */ = {isa = PBXBuildFile; fileRef = 8558D0BA163B662600547816 /* tabbar_icon_ranking_@2x.png */; };
		8558D0F0163B662600547816 /* tabbar_icon_ranking.png in Resources */ = {isa = PBXBuildFile; fileRef = 8558D0BB163B662600547816 /* tabbar_icon_ranking.png */; };
		8558D0F1163B662600547816 /* tabbar_icon_ranking@2x.png in Resources */ = {isa = PBXBuildFile; fileRef = 8558D0BC163B662600547816 /* tabbar_icon_ranking@2x.png */; };
		8558D0F2163B662600547816 /* tabbar_icon_user_.png in Resources */ = {isa = PBXBuildFile; fileRef = 8558D0BD163B662600547816 /* tabbar_icon_user_.png */; };
		8558D0F3163B662600547816 /* tabbar_icon_user_@2x.png in Resources */ = {isa = PBXBuildFile; fileRef = 8558D0BE163B662600547816 /* tabbar_icon_user_@2x.png */; };
		8558D0F4163B662600547816 /* tabbar_icon_user.png in Resources */ = {isa = PBXBuildFile; fileRef = 8558D0BF163B662600547816 /* tabbar_icon_user.png */; };
		8558D0F5163B662600547816 /* tabbar_icon_user@2x.png in Resources */ = {isa = PBXBuildFile; fileRef = 8558D0C0163B662600547816 /* tabbar_icon_user@2x.png */; };
		E6018424163AE0F400B2869C /* UIKit.framework in Frameworks */ = {isa = PBXBuildFile; fileRef = E6018423163AE0F400B2869C /* UIKit.framework */; };
		E6018426163AE0F400B2869C /* Foundation.framework in Frameworks */ = {isa = PBXBuildFile; fileRef = E6018425163AE0F400B2869C /* Foundation.framework */; };
		E6018428163AE0F400B2869C /* CoreGraphics.framework in Frameworks */ = {isa = PBXBuildFile; fileRef = E6018427163AE0F400B2869C /* CoreGraphics.framework */; };
		E601842E163AE0F400B2869C /* InfoPlist.strings in Resources */ = {isa = PBXBuildFile; fileRef = E601842C163AE0F400B2869C /* InfoPlist.strings */; };
		E6018430163AE0F400B2869C /* main.m in Sources */ = {isa = PBXBuildFile; fileRef = E601842F163AE0F400B2869C /* main.m */; };
		E6018434163AE0F400B2869C /* AppDelegate.m in Sources */ = {isa = PBXBuildFile; fileRef = E6018433163AE0F400B2869C /* AppDelegate.m */; };
		E6018436163AE0F400B2869C /* Default.png in Resources */ = {isa = PBXBuildFile; fileRef = E6018435163AE0F400B2869C /* Default.png */; };
		E6018438163AE0F400B2869C /* Default@2x.png in Resources */ = {isa = PBXBuildFile; fileRef = E6018437163AE0F400B2869C /* Default@2x.png */; };
		E601843A163AE0F400B2869C /* Default-568h@2x.png in Resources */ = {isa = PBXBuildFile; fileRef = E6018439163AE0F400B2869C /* Default-568h@2x.png */; };
		E601843D163AE0F400B2869C /* MainStoryboard.storyboard in Resources */ = {isa = PBXBuildFile; fileRef = E601843B163AE0F400B2869C /* MainStoryboard.storyboard */; };
		E6018467163AE98200B2869C /* ComercDetailViewController.m in Sources */ = {isa = PBXBuildFile; fileRef = E6018466163AE98200B2869C /* ComercDetailViewController.m */; };
		E601846A163AE99800B2869C /* TransactionCompleteViewController.m in Sources */ = {isa = PBXBuildFile; fileRef = E6018469163AE99800B2869C /* TransactionCompleteViewController.m */; };
		E601846D163AE9B400B2869C /* ComercListViewController.m in Sources */ = {isa = PBXBuildFile; fileRef = E601846C163AE9B400B2869C /* ComercListViewController.m */; };
		E6018470163AE9D900B2869C /* ComercMapViewController.m in Sources */ = {isa = PBXBuildFile; fileRef = E601846F163AE9D900B2869C /* ComercMapViewController.m */; };
		E6018473163AEA0700B2869C /* TransactionViewController.m in Sources */ = {isa = PBXBuildFile; fileRef = E6018472163AEA0700B2869C /* TransactionViewController.m */; };
		E6018476163AEA2200B2869C /* ProfileViewController.m in Sources */ = {isa = PBXBuildFile; fileRef = E6018475163AEA2200B2869C /* ProfileViewController.m */; };
		E6018479163AEA3800B2869C /* CreditCardSelectorViewController.m in Sources */ = {isa = PBXBuildFile; fileRef = E6018478163AEA3800B2869C /* CreditCardSelectorViewController.m */; };
		E601847C163AEA5100B2869C /* RankingViewController.m in Sources */ = {isa = PBXBuildFile; fileRef = E601847B163AEA5100B2869C /* RankingViewController.m */; };
		E601847F163AEA6800B2869C /* CategoryListViewController.m in Sources */ = {isa = PBXBuildFile; fileRef = E601847E163AEA6800B2869C /* CategoryListViewController.m */; };
		E6018482163AEA7C00B2869C /* TransactionListViewController.m in Sources */ = {isa = PBXBuildFile; fileRef = E6018481163AEA7C00B2869C /* TransactionListViewController.m */; };
		E601848D163AF37A00B2869C /* WebViewBaseViewController.m in Sources */ = {isa = PBXBuildFile; fileRef = E601848C163AF37A00B2869C /* WebViewBaseViewController.m */; };
		E6018494163AF49B00B2869C /* LoadingViewController.m in Sources */ = {isa = PBXBuildFile; fileRef = E6018490163AF49B00B2869C /* LoadingViewController.m */; };
		E6018495163AF49B00B2869C /* LoadingViewController.xib in Resources */ = {isa = PBXBuildFile; fileRef = E6018491163AF49B00B2869C /* LoadingViewController.xib */; };
		E6018496163AF49B00B2869C /* Utils.m in Sources */ = {isa = PBXBuildFile; fileRef = E6018493163AF49B00B2869C /* Utils.m */; };
		E6018498163B141100B2869C /* html5 in Resources */ = {isa = PBXBuildFile; fileRef = E6018497163B140E00B2869C /* html5 */; };
/* End PBXBuildFile section */

/* Begin PBXFileReference section */
		8517DB6C163B4FBD005E2CCE /* LoginViewController.h */ = {isa = PBXFileReference; fileEncoding = 4; lastKnownFileType = sourcecode.c.h; path = LoginViewController.h; sourceTree = "<group>"; };
		8517DB6D163B4FBD005E2CCE /* LoginViewController.m */ = {isa = PBXFileReference; fileEncoding = 4; lastKnownFileType = sourcecode.c.objc; path = LoginViewController.m; sourceTree = "<group>"; };
		8517DB73163B525B005E2CCE /* Defines.h */ = {isa = PBXFileReference; lastKnownFileType = sourcecode.c.h; path = Defines.h; sourceTree = "<group>"; };
		8558D08D163B662600547816 /* comercios_poid_map.png */ = {isa = PBXFileReference; lastKnownFileType = image.png; path = comercios_poid_map.png; sourceTree = "<group>"; };
		8558D08E163B662600547816 /* comercios_poid_map@2x.png */ = {isa = PBXFileReference; lastKnownFileType = image.png; path = "comercios_poid_map@2x.png"; sourceTree = "<group>"; };
		8558D08F163B662600547816 /* comun_btn_navigation_accept.png */ = {isa = PBXFileReference; lastKnownFileType = image.png; path = comun_btn_navigation_accept.png; sourceTree = "<group>"; };
		8558D090163B662600547816 /* comun_btn_navigation_accept@2x.png */ = {isa = PBXFileReference; lastKnownFileType = image.png; path = "comun_btn_navigation_accept@2x.png"; sourceTree = "<group>"; };
		8558D091163B662600547816 /* comun_btn_navigation_cancel.png */ = {isa = PBXFileReference; lastKnownFileType = image.png; path = comun_btn_navigation_cancel.png; sourceTree = "<group>"; };
		8558D092163B662600547816 /* comun_btn_navigation_cancel@2x.png */ = {isa = PBXFileReference; lastKnownFileType = image.png; path = "comun_btn_navigation_cancel@2x.png"; sourceTree = "<group>"; };
		8558D093163B662600547816 /* comun_btn_navigation_cuadrado.png */ = {isa = PBXFileReference; lastKnownFileType = image.png; path = comun_btn_navigation_cuadrado.png; sourceTree = "<group>"; };
		8558D094163B662600547816 /* comun_btn_navigation_cuadrado@2x.png */ = {isa = PBXFileReference; lastKnownFileType = image.png; path = "comun_btn_navigation_cuadrado@2x.png"; sourceTree = "<group>"; };
		8558D095163B662600547816 /* comun_check_list.png */ = {isa = PBXFileReference; lastKnownFileType = image.png; path = comun_check_list.png; sourceTree = "<group>"; };
		8558D096163B662600547816 /* comun_icon_alquiler.png */ = {isa = PBXFileReference; lastKnownFileType = image.png; path = comun_icon_alquiler.png; sourceTree = "<group>"; };
		8558D097163B662600547816 /* comun_icon_btn_anadir_blue.png */ = {isa = PBXFileReference; lastKnownFileType = image.png; path = comun_icon_btn_anadir_blue.png; sourceTree = "<group>"; };
		8558D098163B662600547816 /* comun_icon_btn_anadir.png */ = {isa = PBXFileReference; lastKnownFileType = image.png; path = comun_icon_btn_anadir.png; sourceTree = "<group>"; };
		8558D099163B662600547816 /* comun_icon_btn_carrito.png */ = {isa = PBXFileReference; lastKnownFileType = image.png; path = comun_icon_btn_carrito.png; sourceTree = "<group>"; };
		8558D09A163B662600547816 /* comun_icon_gasolia.png */ = {isa = PBXFileReference; lastKnownFileType = image.png; path = comun_icon_gasolia.png; sourceTree = "<group>"; };
		8558D09B163B662600547816 /* comun_icon_generico.png */ = {isa = PBXFileReference; lastKnownFileType = image.png; path = comun_icon_generico.png; sourceTree = "<group>"; };
		8558D09C163B662600547816 /* comun_icon_musica.png */ = {isa = PBXFileReference; lastKnownFileType = image.png; path = comun_icon_musica.png; sourceTree = "<group>"; };
		8558D09D163B662600547816 /* comun_icon_navigation_list.png */ = {isa = PBXFileReference; lastKnownFileType = image.png; path = comun_icon_navigation_list.png; sourceTree = "<group>"; };
		8558D09E163B662600547816 /* comun_icon_navigation_list@2x.png */ = {isa = PBXFileReference; lastKnownFileType = image.png; path = "comun_icon_navigation_list@2x.png"; sourceTree = "<group>"; };
		8558D09F163B662600547816 /* comun_icon_navigation_map.png */ = {isa = PBXFileReference; lastKnownFileType = image.png; path = comun_icon_navigation_map.png; sourceTree = "<group>"; };
		8558D0A0163B662600547816 /* comun_icon_navigation_map@2x.png */ = {isa = PBXFileReference; lastKnownFileType = image.png; path = "comun_icon_navigation_map@2x.png"; sourceTree = "<group>"; };
		8558D0A1163B662600547816 /* comun_icon_restaurantes.png */ = {isa = PBXFileReference; lastKnownFileType = image.png; path = comun_icon_restaurantes.png; sourceTree = "<group>"; };
		8558D0A2163B662600547816 /* comun_icon_ropa.png */ = {isa = PBXFileReference; lastKnownFileType = image.png; path = comun_icon_ropa.png; sourceTree = "<group>"; };
		8558D0A3163B662600547816 /* comun_navigation_bar_back.png */ = {isa = PBXFileReference; lastKnownFileType = image.png; path = comun_navigation_bar_back.png; sourceTree = "<group>"; };
		8558D0A4163B662600547816 /* comun_navigation_bar_back@2x.png */ = {isa = PBXFileReference; lastKnownFileType = image.png; path = "comun_navigation_bar_back@2x.png"; sourceTree = "<group>"; };
		8558D0A5163B662600547816 /* comun_navigation.png */ = {isa = PBXFileReference; lastKnownFileType = image.png; path = comun_navigation.png; sourceTree = "<group>"; };
		8558D0A6163B662600547816 /* comun_navigation@2x.png */ = {isa = PBXFileReference; lastKnownFileType = image.png; path = "comun_navigation@2x.png"; sourceTree = "<group>"; };
		8558D0A7163B662600547816 /* comun_tabbar_background_selec.png */ = {isa = PBXFileReference; lastKnownFileType = image.png; path = comun_tabbar_background_selec.png; sourceTree = "<group>"; };
		8558D0A8163B662600547816 /* comun_tabbar_background_selec@2x.png */ = {isa = PBXFileReference; lastKnownFileType = image.png; path = "comun_tabbar_background_selec@2x.png"; sourceTree = "<group>"; };
		8558D0A9163B662600547816 /* comun_tabbar_background.png */ = {isa = PBXFileReference; lastKnownFileType = image.png; path = comun_tabbar_background.png; sourceTree = "<group>"; };
		8558D0AA163B662600547816 /* comun_tabbar_background@2x.png */ = {isa = PBXFileReference; lastKnownFileType = image.png; path = "comun_tabbar_background@2x.png"; sourceTree = "<group>"; };
		8558D0AB163B662600547816 /* i_phone_la_caixa.png */ = {isa = PBXFileReference; lastKnownFileType = image.png; path = i_phone_la_caixa.png; sourceTree = "<group>"; };
		8558D0AC163B662600547816 /* login_logo_caixa.png */ = {isa = PBXFileReference; lastKnownFileType = image.png; path = login_logo_caixa.png; sourceTree = "<group>"; };
		8558D0AD163B662600547816 /* ranking_icon_1.png */ = {isa = PBXFileReference; lastKnownFileType = image.png; path = ranking_icon_1.png; sourceTree = "<group>"; };
		8558D0AE163B662600547816 /* ranking_icon_2.png */ = {isa = PBXFileReference; lastKnownFileType = image.png; path = ranking_icon_2.png; sourceTree = "<group>"; };
		8558D0AF163B662600547816 /* ranking_icon_3.png */ = {isa = PBXFileReference; lastKnownFileType = image.png; path = ranking_icon_3.png; sourceTree = "<group>"; };
		8558D0B0163B662600547816 /* ranking_icon_list_my_position.png */ = {isa = PBXFileReference; lastKnownFileType = image.png; path = ranking_icon_list_my_position.png; sourceTree = "<group>"; };
		8558D0B1163B662600547816 /* tabbar_icon_comercios_.png */ = {isa = PBXFileReference; lastKnownFileType = image.png; path = tabbar_icon_comercios_.png; sourceTree = "<group>"; };
		8558D0B2163B662600547816 /* tabbar_icon_comercios_@2x.png */ = {isa = PBXFileReference; lastKnownFileType = image.png; path = "tabbar_icon_comercios_@2x.png"; sourceTree = "<group>"; };
		8558D0B3163B662600547816 /* tabbar_icon_comercios.png */ = {isa = PBXFileReference; lastKnownFileType = image.png; path = tabbar_icon_comercios.png; sourceTree = "<group>"; };
		8558D0B4163B662600547816 /* tabbar_icon_comercios@2x.png */ = {isa = PBXFileReference; lastKnownFileType = image.png; path = "tabbar_icon_comercios@2x.png"; sourceTree = "<group>"; };
		8558D0B5163B662600547816 /* tabbar_icon_cuentas_.png */ = {isa = PBXFileReference; lastKnownFileType = image.png; path = tabbar_icon_cuentas_.png; sourceTree = "<group>"; };
		8558D0B6163B662600547816 /* tabbar_icon_cuentas_@2x.png */ = {isa = PBXFileReference; lastKnownFileType = image.png; path = "tabbar_icon_cuentas_@2x.png"; sourceTree = "<group>"; };
		8558D0B7163B662600547816 /* tabbar_icon_cuentas.png */ = {isa = PBXFileReference; lastKnownFileType = image.png; path = tabbar_icon_cuentas.png; sourceTree = "<group>"; };
		8558D0B8163B662600547816 /* tabbar_icon_cuentas@2x.png */ = {isa = PBXFileReference; lastKnownFileType = image.png; path = "tabbar_icon_cuentas@2x.png"; sourceTree = "<group>"; };
		8558D0B9163B662600547816 /* tabbar_icon_ranking_.png */ = {isa = PBXFileReference; lastKnownFileType = image.png; path = tabbar_icon_ranking_.png; sourceTree = "<group>"; };
		8558D0BA163B662600547816 /* tabbar_icon_ranking_@2x.png */ = {isa = PBXFileReference; lastKnownFileType = image.png; path = "tabbar_icon_ranking_@2x.png"; sourceTree = "<group>"; };
		8558D0BB163B662600547816 /* tabbar_icon_ranking.png */ = {isa = PBXFileReference; lastKnownFileType = image.png; path = tabbar_icon_ranking.png; sourceTree = "<group>"; };
		8558D0BC163B662600547816 /* tabbar_icon_ranking@2x.png */ = {isa = PBXFileReference; lastKnownFileType = image.png; path = "tabbar_icon_ranking@2x.png"; sourceTree = "<group>"; };
		8558D0BD163B662600547816 /* tabbar_icon_user_.png */ = {isa = PBXFileReference; lastKnownFileType = image.png; path = tabbar_icon_user_.png; sourceTree = "<group>"; };
		8558D0BE163B662600547816 /* tabbar_icon_user_@2x.png */ = {isa = PBXFileReference; lastKnownFileType = image.png; path = "tabbar_icon_user_@2x.png"; sourceTree = "<group>"; };
		8558D0BF163B662600547816 /* tabbar_icon_user.png */ = {isa = PBXFileReference; lastKnownFileType = image.png; path = tabbar_icon_user.png; sourceTree = "<group>"; };
		8558D0C0163B662600547816 /* tabbar_icon_user@2x.png */ = {isa = PBXFileReference; lastKnownFileType = image.png; path = "tabbar_icon_user@2x.png"; sourceTree = "<group>"; };
		E601841F163AE0F400B2869C /* GordiveryApp.app */ = {isa = PBXFileReference; explicitFileType = wrapper.application; includeInIndex = 0; path = GordiveryApp.app; sourceTree = BUILT_PRODUCTS_DIR; };
		E6018423163AE0F400B2869C /* UIKit.framework */ = {isa = PBXFileReference; lastKnownFileType = wrapper.framework; name = UIKit.framework; path = System/Library/Frameworks/UIKit.framework; sourceTree = SDKROOT; };
		E6018425163AE0F400B2869C /* Foundation.framework */ = {isa = PBXFileReference; lastKnownFileType = wrapper.framework; name = Foundation.framework; path = System/Library/Frameworks/Foundation.framework; sourceTree = SDKROOT; };
		E6018427163AE0F400B2869C /* CoreGraphics.framework */ = {isa = PBXFileReference; lastKnownFileType = wrapper.framework; name = CoreGraphics.framework; path = System/Library/Frameworks/CoreGraphics.framework; sourceTree = SDKROOT; };
		E601842B163AE0F400B2869C /* GordiveryApp-Info.plist */ = {isa = PBXFileReference; lastKnownFileType = text.plist.xml; path = "GordiveryApp-Info.plist"; sourceTree = "<group>"; };
		E601842D163AE0F400B2869C /* en */ = {isa = PBXFileReference; lastKnownFileType = text.plist.strings; name = en; path = en.lproj/InfoPlist.strings; sourceTree = "<group>"; };
		E601842F163AE0F400B2869C /* main.m */ = {isa = PBXFileReference; lastKnownFileType = sourcecode.c.objc; path = main.m; sourceTree = "<group>"; };
		E6018431163AE0F400B2869C /* GordiveryApp-Prefix.pch */ = {isa = PBXFileReference; lastKnownFileType = sourcecode.c.h; path = "GordiveryApp-Prefix.pch"; sourceTree = "<group>"; };
		E6018432163AE0F400B2869C /* AppDelegate.h */ = {isa = PBXFileReference; lastKnownFileType = sourcecode.c.h; path = AppDelegate.h; sourceTree = "<group>"; };
		E6018433163AE0F400B2869C /* AppDelegate.m */ = {isa = PBXFileReference; lastKnownFileType = sourcecode.c.objc; path = AppDelegate.m; sourceTree = "<group>"; };
		E6018435163AE0F400B2869C /* Default.png */ = {isa = PBXFileReference; lastKnownFileType = image.png; path = Default.png; sourceTree = "<group>"; };
		E6018437163AE0F400B2869C /* Default@2x.png */ = {isa = PBXFileReference; lastKnownFileType = image.png; path = "Default@2x.png"; sourceTree = "<group>"; };
		E6018439163AE0F400B2869C /* Default-568h@2x.png */ = {isa = PBXFileReference; lastKnownFileType = image.png; path = "Default-568h@2x.png"; sourceTree = "<group>"; };
		E601843C163AE0F400B2869C /* en */ = {isa = PBXFileReference; lastKnownFileType = file.storyboard; name = en; path = en.lproj/MainStoryboard.storyboard; sourceTree = "<group>"; };
		E6018465163AE98200B2869C /* ComercDetailViewController.h */ = {isa = PBXFileReference; fileEncoding = 4; lastKnownFileType = sourcecode.c.h; path = ComercDetailViewController.h; sourceTree = "<group>"; };
		E6018466163AE98200B2869C /* ComercDetailViewController.m */ = {isa = PBXFileReference; fileEncoding = 4; lastKnownFileType = sourcecode.c.objc; path = ComercDetailViewController.m; sourceTree = "<group>"; };
		E6018468163AE99800B2869C /* TransactionCompleteViewController.h */ = {isa = PBXFileReference; fileEncoding = 4; lastKnownFileType = sourcecode.c.h; path = TransactionCompleteViewController.h; sourceTree = "<group>"; };
		E6018469163AE99800B2869C /* TransactionCompleteViewController.m */ = {isa = PBXFileReference; fileEncoding = 4; lastKnownFileType = sourcecode.c.objc; path = TransactionCompleteViewController.m; sourceTree = "<group>"; };
		E601846B163AE9B400B2869C /* ComercListViewController.h */ = {isa = PBXFileReference; fileEncoding = 4; lastKnownFileType = sourcecode.c.h; path = ComercListViewController.h; sourceTree = "<group>"; };
		E601846C163AE9B400B2869C /* ComercListViewController.m */ = {isa = PBXFileReference; fileEncoding = 4; lastKnownFileType = sourcecode.c.objc; path = ComercListViewController.m; sourceTree = "<group>"; };
		E601846E163AE9D900B2869C /* ComercMapViewController.h */ = {isa = PBXFileReference; fileEncoding = 4; lastKnownFileType = sourcecode.c.h; path = ComercMapViewController.h; sourceTree = "<group>"; };
		E601846F163AE9D900B2869C /* ComercMapViewController.m */ = {isa = PBXFileReference; fileEncoding = 4; lastKnownFileType = sourcecode.c.objc; path = ComercMapViewController.m; sourceTree = "<group>"; };
		E6018471163AEA0700B2869C /* TransactionViewController.h */ = {isa = PBXFileReference; fileEncoding = 4; lastKnownFileType = sourcecode.c.h; path = TransactionViewController.h; sourceTree = "<group>"; };
		E6018472163AEA0700B2869C /* TransactionViewController.m */ = {isa = PBXFileReference; fileEncoding = 4; lastKnownFileType = sourcecode.c.objc; path = TransactionViewController.m; sourceTree = "<group>"; };
		E6018474163AEA2200B2869C /* ProfileViewController.h */ = {isa = PBXFileReference; fileEncoding = 4; lastKnownFileType = sourcecode.c.h; path = ProfileViewController.h; sourceTree = "<group>"; };
		E6018475163AEA2200B2869C /* ProfileViewController.m */ = {isa = PBXFileReference; fileEncoding = 4; lastKnownFileType = sourcecode.c.objc; path = ProfileViewController.m; sourceTree = "<group>"; };
		E6018477163AEA3800B2869C /* CreditCardSelectorViewController.h */ = {isa = PBXFileReference; fileEncoding = 4; lastKnownFileType = sourcecode.c.h; path = CreditCardSelectorViewController.h; sourceTree = "<group>"; };
		E6018478163AEA3800B2869C /* CreditCardSelectorViewController.m */ = {isa = PBXFileReference; fileEncoding = 4; lastKnownFileType = sourcecode.c.objc; path = CreditCardSelectorViewController.m; sourceTree = "<group>"; };
		E601847A163AEA5100B2869C /* RankingViewController.h */ = {isa = PBXFileReference; fileEncoding = 4; lastKnownFileType = sourcecode.c.h; path = RankingViewController.h; sourceTree = "<group>"; };
		E601847B163AEA5100B2869C /* RankingViewController.m */ = {isa = PBXFileReference; fileEncoding = 4; lastKnownFileType = sourcecode.c.objc; path = RankingViewController.m; sourceTree = "<group>"; };
		E601847D163AEA6800B2869C /* CategoryListViewController.h */ = {isa = PBXFileReference; fileEncoding = 4; lastKnownFileType = sourcecode.c.h; path = CategoryListViewController.h; sourceTree = "<group>"; };
		E601847E163AEA6800B2869C /* CategoryListViewController.m */ = {isa = PBXFileReference; fileEncoding = 4; lastKnownFileType = sourcecode.c.objc; path = CategoryListViewController.m; sourceTree = "<group>"; };
		E6018480163AEA7C00B2869C /* TransactionListViewController.h */ = {isa = PBXFileReference; fileEncoding = 4; lastKnownFileType = sourcecode.c.h; path = TransactionListViewController.h; sourceTree = "<group>"; };
		E6018481163AEA7C00B2869C /* TransactionListViewController.m */ = {isa = PBXFileReference; fileEncoding = 4; lastKnownFileType = sourcecode.c.objc; path = TransactionListViewController.m; sourceTree = "<group>"; };
		E601848B163AF37A00B2869C /* WebViewBaseViewController.h */ = {isa = PBXFileReference; fileEncoding = 4; lastKnownFileType = sourcecode.c.h; path = WebViewBaseViewController.h; sourceTree = "<group>"; };
		E601848C163AF37A00B2869C /* WebViewBaseViewController.m */ = {isa = PBXFileReference; fileEncoding = 4; lastKnownFileType = sourcecode.c.objc; path = WebViewBaseViewController.m; sourceTree = "<group>"; };
		E601848F163AF49B00B2869C /* LoadingViewController.h */ = {isa = PBXFileReference; fileEncoding = 4; lastKnownFileType = sourcecode.c.h; path = LoadingViewController.h; sourceTree = "<group>"; };
		E6018490163AF49B00B2869C /* LoadingViewController.m */ = {isa = PBXFileReference; fileEncoding = 4; lastKnownFileType = sourcecode.c.objc; path = LoadingViewController.m; sourceTree = "<group>"; };
		E6018491163AF49B00B2869C /* LoadingViewController.xib */ = {isa = PBXFileReference; fileEncoding = 4; lastKnownFileType = file.xib; path = LoadingViewController.xib; sourceTree = "<group>"; };
		E6018492163AF49B00B2869C /* Utils.h */ = {isa = PBXFileReference; fileEncoding = 4; lastKnownFileType = sourcecode.c.h; path = Utils.h; sourceTree = "<group>"; };
		E6018493163AF49B00B2869C /* Utils.m */ = {isa = PBXFileReference; fileEncoding = 4; lastKnownFileType = sourcecode.c.objc; path = Utils.m; sourceTree = "<group>"; };
		E6018497163B140E00B2869C /* html5 */ = {isa = PBXFileReference; lastKnownFileType = folder; path = html5; sourceTree = "<group>"; };
/* End PBXFileReference section */

/* Begin PBXFrameworksBuildPhase section */
		E601841C163AE0F400B2869C /* Frameworks */ = {
			isa = PBXFrameworksBuildPhase;
			buildActionMask = 2147483647;
			files = (
				E6018424163AE0F400B2869C /* UIKit.framework in Frameworks */,
				E6018426163AE0F400B2869C /* Foundation.framework in Frameworks */,
				E6018428163AE0F400B2869C /* CoreGraphics.framework in Frameworks */,
			);
			runOnlyForDeploymentPostprocessing = 0;
		};
/* End PBXFrameworksBuildPhase section */

/* Begin PBXGroup section */
		8517DB6A163B4FB1005E2CCE /* Login */ = {
			isa = PBXGroup;
			children = (
				8517DB6C163B4FBD005E2CCE /* LoginViewController.h */,
				8517DB6D163B4FBD005E2CCE /* LoginViewController.m */,
			);
			path = Login;
			sourceTree = "<group>";
		};
		8558D089163B661A00547816 /* Resources */ = {
			isa = PBXGroup;
			children = (
				8558D08A163B661A00547816 /* Images */,
			);
			path = Resources;
			sourceTree = "<group>";
		};
		8558D08A163B661A00547816 /* Images */ = {
			isa = PBXGroup;
			children = (
				8558D08D163B662600547816 /* comercios_poid_map.png */,
				8558D08E163B662600547816 /* comercios_poid_map@2x.png */,
				8558D08F163B662600547816 /* comun_btn_navigation_accept.png */,
				8558D090163B662600547816 /* comun_btn_navigation_accept@2x.png */,
				8558D091163B662600547816 /* comun_btn_navigation_cancel.png */,
				8558D092163B662600547816 /* comun_btn_navigation_cancel@2x.png */,
				8558D093163B662600547816 /* comun_btn_navigation_cuadrado.png */,
				8558D094163B662600547816 /* comun_btn_navigation_cuadrado@2x.png */,
				8558D095163B662600547816 /* comun_check_list.png */,
				8558D096163B662600547816 /* comun_icon_alquiler.png */,
				8558D097163B662600547816 /* comun_icon_btn_anadir_blue.png */,
				8558D098163B662600547816 /* comun_icon_btn_anadir.png */,
				8558D099163B662600547816 /* comun_icon_btn_carrito.png */,
				8558D09A163B662600547816 /* comun_icon_gasolia.png */,
				8558D09B163B662600547816 /* comun_icon_generico.png */,
				8558D09C163B662600547816 /* comun_icon_musica.png */,
				8558D09D163B662600547816 /* comun_icon_navigation_list.png */,
				8558D09E163B662600547816 /* comun_icon_navigation_list@2x.png */,
				8558D09F163B662600547816 /* comun_icon_navigation_map.png */,
				8558D0A0163B662600547816 /* comun_icon_navigation_map@2x.png */,
				8558D0A1163B662600547816 /* comun_icon_restaurantes.png */,
				8558D0A2163B662600547816 /* comun_icon_ropa.png */,
				8558D0A3163B662600547816 /* comun_navigation_bar_back.png */,
				8558D0A4163B662600547816 /* comun_navigation_bar_back@2x.png */,
				8558D0A5163B662600547816 /* comun_navigation.png */,
				8558D0A6163B662600547816 /* comun_navigation@2x.png */,
				8558D0A7163B662600547816 /* comun_tabbar_background_selec.png */,
				8558D0A8163B662600547816 /* comun_tabbar_background_selec@2x.png */,
				8558D0A9163B662600547816 /* comun_tabbar_background.png */,
				8558D0AA163B662600547816 /* comun_tabbar_background@2x.png */,
				8558D0AB163B662600547816 /* i_phone_la_caixa.png */,
				8558D0AC163B662600547816 /* login_logo_caixa.png */,
				8558D0AD163B662600547816 /* ranking_icon_1.png */,
				8558D0AE163B662600547816 /* ranking_icon_2.png */,
				8558D0AF163B662600547816 /* ranking_icon_3.png */,
				8558D0B0163B662600547816 /* ranking_icon_list_my_position.png */,
				8558D0B1163B662600547816 /* tabbar_icon_comercios_.png */,
				8558D0B2163B662600547816 /* tabbar_icon_comercios_@2x.png */,
				8558D0B3163B662600547816 /* tabbar_icon_comercios.png */,
				8558D0B4163B662600547816 /* tabbar_icon_comercios@2x.png */,
				8558D0B5163B662600547816 /* tabbar_icon_cuentas_.png */,
				8558D0B6163B662600547816 /* tabbar_icon_cuentas_@2x.png */,
				8558D0B7163B662600547816 /* tabbar_icon_cuentas.png */,
				8558D0B8163B662600547816 /* tabbar_icon_cuentas@2x.png */,
				8558D0B9163B662600547816 /* tabbar_icon_ranking_.png */,
				8558D0BA163B662600547816 /* tabbar_icon_ranking_@2x.png */,
				8558D0BB163B662600547816 /* tabbar_icon_ranking.png */,
				8558D0BC163B662600547816 /* tabbar_icon_ranking@2x.png */,
				8558D0BD163B662600547816 /* tabbar_icon_user_.png */,
				8558D0BE163B662600547816 /* tabbar_icon_user_@2x.png */,
				8558D0BF163B662600547816 /* tabbar_icon_user.png */,
				8558D0C0163B662600547816 /* tabbar_icon_user@2x.png */,
			);
			path = Images;
			sourceTree = "<group>";
		};
		E6018414163AE0F400B2869C = {
			isa = PBXGroup;
			children = (
				E6018429163AE0F400B2869C /* GordiveryApp */,
				E6018422163AE0F400B2869C /* Frameworks */,
				E6018420163AE0F400B2869C /* Products */,
			);
			sourceTree = "<group>";
		};
		E6018420163AE0F400B2869C /* Products */ = {
			isa = PBXGroup;
			children = (
				E601841F163AE0F400B2869C /* GordiveryApp.app */,
			);
			name = Products;
			sourceTree = "<group>";
		};
		E6018422163AE0F400B2869C /* Frameworks */ = {
			isa = PBXGroup;
			children = (
				E6018423163AE0F400B2869C /* UIKit.framework */,
				E6018425163AE0F400B2869C /* Foundation.framework */,
				E6018427163AE0F400B2869C /* CoreGraphics.framework */,
			);
			name = Frameworks;
			sourceTree = "<group>";
		};
		E6018429163AE0F400B2869C /* GordiveryApp */ = {
			isa = PBXGroup;
			children = (
				E601848E163AF49A00B2869C /* Utils */,
				E601848A163AF37900B2869C /* Manager */,
				E6018497163B140E00B2869C /* html5 */,
				E601845A163AE94C00B2869C /* Classes */,
				8517DB73163B525B005E2CCE /* Defines.h */,
				E6018432163AE0F400B2869C /* AppDelegate.h */,
				E6018433163AE0F400B2869C /* AppDelegate.m */,
				E601843B163AE0F400B2869C /* MainStoryboard.storyboard */,
				8558D089163B661A00547816 /* Resources */,
				E601842A163AE0F400B2869C /* Supporting Files */,
			);
			path = GordiveryApp;
			sourceTree = "<group>";
		};
		E601842A163AE0F400B2869C /* Supporting Files */ = {
			isa = PBXGroup;
			children = (
				E601842B163AE0F400B2869C /* GordiveryApp-Info.plist */,
				E601842C163AE0F400B2869C /* InfoPlist.strings */,
				E601842F163AE0F400B2869C /* main.m */,
				E6018431163AE0F400B2869C /* GordiveryApp-Prefix.pch */,
				E6018435163AE0F400B2869C /* Default.png */,
				E6018437163AE0F400B2869C /* Default@2x.png */,
				E6018439163AE0F400B2869C /* Default-568h@2x.png */,
			);
			name = "Supporting Files";
			sourceTree = "<group>";
		};
		E601845A163AE94C00B2869C /* Classes */ = {
			isa = PBXGroup;
			children = (
				8517DB6A163B4FB1005E2CCE /* Login */,
				E601845B163AE94C00B2869C /* Comerc */,
				E6018460163AE94C00B2869C /* Management */,
				E6018463163AE94C00B2869C /* Profile */,
				E6018464163AE94C00B2869C /* Ranking */,
			);
			path = Classes;
			sourceTree = "<group>";
		};
		E601845B163AE94C00B2869C /* Comerc */ = {
			isa = PBXGroup;
			children = (
				E601845D163AE94C00B2869C /* List */,
				E601845E163AE94C00B2869C /* Map */,
				E601845C163AE94C00B2869C /* Detail */,
				E601845F163AE94C00B2869C /* Transaction */,
			);
			path = Comerc;
			sourceTree = "<group>";
		};
		E601845C163AE94C00B2869C /* Detail */ = {
			isa = PBXGroup;
			children = (
				E6018465163AE98200B2869C /* ComercDetailViewController.h */,
				E6018466163AE98200B2869C /* ComercDetailViewController.m */,
			);
			path = Detail;
			sourceTree = "<group>";
		};
		E601845D163AE94C00B2869C /* List */ = {
			isa = PBXGroup;
			children = (
				E601846B163AE9B400B2869C /* ComercListViewController.h */,
				E601846C163AE9B400B2869C /* ComercListViewController.m */,
			);
			path = List;
			sourceTree = "<group>";
		};
		E601845E163AE94C00B2869C /* Map */ = {
			isa = PBXGroup;
			children = (
				E601846E163AE9D900B2869C /* ComercMapViewController.h */,
				E601846F163AE9D900B2869C /* ComercMapViewController.m */,
			);
			path = Map;
			sourceTree = "<group>";
		};
		E601845F163AE94C00B2869C /* Transaction */ = {
			isa = PBXGroup;
			children = (
				E6018471163AEA0700B2869C /* TransactionViewController.h */,
				E6018472163AEA0700B2869C /* TransactionViewController.m */,
				E6018468163AE99800B2869C /* TransactionCompleteViewController.h */,
				E6018469163AE99800B2869C /* TransactionCompleteViewController.m */,
			);
			path = Transaction;
			sourceTree = "<group>";
		};
		E6018460163AE94C00B2869C /* Management */ = {
			isa = PBXGroup;
			children = (
				E6018461163AE94C00B2869C /* Categories */,
				E6018462163AE94C00B2869C /* Transactions */,
			);
			path = Management;
			sourceTree = "<group>";
		};
		E6018461163AE94C00B2869C /* Categories */ = {
			isa = PBXGroup;
			children = (
				E601847D163AEA6800B2869C /* CategoryListViewController.h */,
				E601847E163AEA6800B2869C /* CategoryListViewController.m */,
			);
			path = Categories;
			sourceTree = "<group>";
		};
		E6018462163AE94C00B2869C /* Transactions */ = {
			isa = PBXGroup;
			children = (
				E6018480163AEA7C00B2869C /* TransactionListViewController.h */,
				E6018481163AEA7C00B2869C /* TransactionListViewController.m */,
			);
			path = Transactions;
			sourceTree = "<group>";
		};
		E6018463163AE94C00B2869C /* Profile */ = {
			isa = PBXGroup;
			children = (
				E6018474163AEA2200B2869C /* ProfileViewController.h */,
				E6018475163AEA2200B2869C /* ProfileViewController.m */,
				E6018477163AEA3800B2869C /* CreditCardSelectorViewController.h */,
				E6018478163AEA3800B2869C /* CreditCardSelectorViewController.m */,
			);
			path = Profile;
			sourceTree = "<group>";
		};
		E6018464163AE94C00B2869C /* Ranking */ = {
			isa = PBXGroup;
			children = (
				E601847A163AEA5100B2869C /* RankingViewController.h */,
				E601847B163AEA5100B2869C /* RankingViewController.m */,
			);
			path = Ranking;
			sourceTree = "<group>";
		};
		E601848A163AF37900B2869C /* Manager */ = {
			isa = PBXGroup;
			children = (
				E601848B163AF37A00B2869C /* WebViewBaseViewController.h */,
				E601848C163AF37A00B2869C /* WebViewBaseViewController.m */,
			);
			path = Manager;
			sourceTree = "<group>";
		};
		E601848E163AF49A00B2869C /* Utils */ = {
			isa = PBXGroup;
			children = (
				E601848F163AF49B00B2869C /* LoadingViewController.h */,
				E6018490163AF49B00B2869C /* LoadingViewController.m */,
				E6018491163AF49B00B2869C /* LoadingViewController.xib */,
				E6018492163AF49B00B2869C /* Utils.h */,
				E6018493163AF49B00B2869C /* Utils.m */,
			);
			path = Utils;
			sourceTree = "<group>";
		};
/* End PBXGroup section */

/* Begin PBXNativeTarget section */
		E601841E163AE0F400B2869C /* GordiveryApp */ = {
			isa = PBXNativeTarget;
			buildConfigurationList = E601844E163AE0F400B2869C /* Build configuration list for PBXNativeTarget "GordiveryApp" */;
			buildPhases = (
				E601841B163AE0F400B2869C /* Sources */,
				E601841C163AE0F400B2869C /* Frameworks */,
				E601841D163AE0F400B2869C /* Resources */,
			);
			buildRules = (
			);
			dependencies = (
			);
			name = GordiveryApp;
			productName = GordiveryApp;
			productReference = E601841F163AE0F400B2869C /* GordiveryApp.app */;
			productType = "com.apple.product-type.application";
		};
/* End PBXNativeTarget section */

/* Begin PBXProject section */
		E6018416163AE0F400B2869C /* Project object */ = {
			isa = PBXProject;
			attributes = {
				LastUpgradeCheck = 0450;
			};
			buildConfigurationList = E6018419163AE0F400B2869C /* Build configuration list for PBXProject "GordiveryApp" */;
			compatibilityVersion = "Xcode 3.2";
			developmentRegion = English;
			hasScannedForEncodings = 0;
			knownRegions = (
				en,
			);
			mainGroup = E6018414163AE0F400B2869C;
			productRefGroup = E6018420163AE0F400B2869C /* Products */;
			projectDirPath = "";
			projectRoot = "";
			targets = (
				E601841E163AE0F400B2869C /* GordiveryApp */,
			);
		};
/* End PBXProject section */

/* Begin PBXResourcesBuildPhase section */
		E601841D163AE0F400B2869C /* Resources */ = {
			isa = PBXResourcesBuildPhase;
			buildActionMask = 2147483647;
			files = (
				E601842E163AE0F400B2869C /* InfoPlist.strings in Resources */,
				E6018436163AE0F400B2869C /* Default.png in Resources */,
				E6018438163AE0F400B2869C /* Default@2x.png in Resources */,
				E601843A163AE0F400B2869C /* Default-568h@2x.png in Resources */,
				E601843D163AE0F400B2869C /* MainStoryboard.storyboard in Resources */,
				E6018495163AF49B00B2869C /* LoadingViewController.xib in Resources */,
				E6018498163B141100B2869C /* html5 in Resources */,
				8558D0C2163B662600547816 /* comercios_poid_map.png in Resources */,
				8558D0C3163B662600547816 /* comercios_poid_map@2x.png in Resources */,
				8558D0C4163B662600547816 /* comun_btn_navigation_accept.png in Resources */,
				8558D0C5163B662600547816 /* comun_btn_navigation_accept@2x.png in Resources */,
				8558D0C6163B662600547816 /* comun_btn_navigation_cancel.png in Resources */,
				8558D0C7163B662600547816 /* comun_btn_navigation_cancel@2x.png in Resources */,
				8558D0C8163B662600547816 /* comun_btn_navigation_cuadrado.png in Resources */,
				8558D0C9163B662600547816 /* comun_btn_navigation_cuadrado@2x.png in Resources */,
				8558D0CA163B662600547816 /* comun_check_list.png in Resources */,
				8558D0CB163B662600547816 /* comun_icon_alquiler.png in Resources */,
				8558D0CC163B662600547816 /* comun_icon_btn_anadir_blue.png in Resources */,
				8558D0CD163B662600547816 /* comun_icon_btn_anadir.png in Resources */,
				8558D0CE163B662600547816 /* comun_icon_btn_carrito.png in Resources */,
				8558D0CF163B662600547816 /* comun_icon_gasolia.png in Resources */,
				8558D0D0163B662600547816 /* comun_icon_generico.png in Resources */,
				8558D0D1163B662600547816 /* comun_icon_musica.png in Resources */,
				8558D0D2163B662600547816 /* comun_icon_navigation_list.png in Resources */,
				8558D0D3163B662600547816 /* comun_icon_navigation_list@2x.png in Resources */,
				8558D0D4163B662600547816 /* comun_icon_navigation_map.png in Resources */,
				8558D0D5163B662600547816 /* comun_icon_navigation_map@2x.png in Resources */,
				8558D0D6163B662600547816 /* comun_icon_restaurantes.png in Resources */,
				8558D0D7163B662600547816 /* comun_icon_ropa.png in Resources */,
				8558D0D8163B662600547816 /* comun_navigation_bar_back.png in Resources */,
				8558D0D9163B662600547816 /* comun_navigation_bar_back@2x.png in Resources */,
				8558D0DA163B662600547816 /* comun_navigation.png in Resources */,
				8558D0DB163B662600547816 /* comun_navigation@2x.png in Resources */,
				8558D0DC163B662600547816 /* comun_tabbar_background_selec.png in Resources */,
				8558D0DD163B662600547816 /* comun_tabbar_background_selec@2x.png in Resources */,
				8558D0DE163B662600547816 /* comun_tabbar_background.png in Resources */,
				8558D0DF163B662600547816 /* comun_tabbar_background@2x.png in Resources */,
				8558D0E0163B662600547816 /* i_phone_la_caixa.png in Resources */,
				8558D0E1163B662600547816 /* login_logo_caixa.png in Resources */,
				8558D0E2163B662600547816 /* ranking_icon_1.png in Resources */,
				8558D0E3163B662600547816 /* ranking_icon_2.png in Resources */,
				8558D0E4163B662600547816 /* ranking_icon_3.png in Resources */,
				8558D0E5163B662600547816 /* ranking_icon_list_my_position.png in Resources */,
				8558D0E6163B662600547816 /* tabbar_icon_comercios_.png in Resources */,
				8558D0E7163B662600547816 /* tabbar_icon_comercios_@2x.png in Resources */,
				8558D0E8163B662600547816 /* tabbar_icon_comercios.png in Resources */,
				8558D0E9163B662600547816 /* tabbar_icon_comercios@2x.png in Resources */,
				8558D0EA163B662600547816 /* tabbar_icon_cuentas_.png in Resources */,
				8558D0EB163B662600547816 /* tabbar_icon_cuentas_@2x.png in Resources */,
				8558D0EC163B662600547816 /* tabbar_icon_cuentas.png in Resources */,
				8558D0ED163B662600547816 /* tabbar_icon_cuentas@2x.png in Resources */,
				8558D0EE163B662600547816 /* tabbar_icon_ranking_.png in Resources */,
				8558D0EF163B662600547816 /* tabbar_icon_ranking_@2x.png in Resources */,
				8558D0F0163B662600547816 /* tabbar_icon_ranking.png in Resources */,
				8558D0F1163B662600547816 /* tabbar_icon_ranking@2x.png in Resources */,
				8558D0F2163B662600547816 /* tabbar_icon_user_.png in Resources */,
				8558D0F3163B662600547816 /* tabbar_icon_user_@2x.png in Resources */,
				8558D0F4163B662600547816 /* tabbar_icon_user.png in Resources */,
				8558D0F5163B662600547816 /* tabbar_icon_user@2x.png in Resources */,
			);
			runOnlyForDeploymentPostprocessing = 0;
		};
/* End PBXResourcesBuildPhase section */

/* Begin PBXSourcesBuildPhase section */
		E601841B163AE0F400B2869C /* Sources */ = {
			isa = PBXSourcesBuildPhase;
			buildActionMask = 2147483647;
			files = (
				E6018430163AE0F400B2869C /* main.m in Sources */,
				E6018434163AE0F400B2869C /* AppDelegate.m in Sources */,
				E6018467163AE98200B2869C /* ComercDetailViewController.m in Sources */,
				E601846A163AE99800B2869C /* TransactionCompleteViewController.m in Sources */,
				E601846D163AE9B400B2869C /* ComercListViewController.m in Sources */,
				E6018470163AE9D900B2869C /* ComercMapViewController.m in Sources */,
				E6018473163AEA0700B2869C /* TransactionViewController.m in Sources */,
				E6018476163AEA2200B2869C /* ProfileViewController.m in Sources */,
				E6018479163AEA3800B2869C /* CreditCardSelectorViewController.m in Sources */,
				E601847C163AEA5100B2869C /* RankingViewController.m in Sources */,
				E601847F163AEA6800B2869C /* CategoryListViewController.m in Sources */,
				E6018482163AEA7C00B2869C /* TransactionListViewController.m in Sources */,
				E601848D163AF37A00B2869C /* WebViewBaseViewController.m in Sources */,
				E6018494163AF49B00B2869C /* LoadingViewController.m in Sources */,
				E6018496163AF49B00B2869C /* Utils.m in Sources */,
				8517DB6E163B4FBD005E2CCE /* LoginViewController.m in Sources */,
			);
			runOnlyForDeploymentPostprocessing = 0;
		};
/* End PBXSourcesBuildPhase section */

/* Begin PBXVariantGroup section */
		E601842C163AE0F400B2869C /* InfoPlist.strings */ = {
			isa = PBXVariantGroup;
			children = (
				E601842D163AE0F400B2869C /* en */,
			);
			name = InfoPlist.strings;
			sourceTree = "<group>";
		};
		E601843B163AE0F400B2869C /* MainStoryboard.storyboard */ = {
			isa = PBXVariantGroup;
			children = (
				E601843C163AE0F400B2869C /* en */,
			);
			name = MainStoryboard.storyboard;
			sourceTree = "<group>";
		};
/* End PBXVariantGroup section */

/* Begin XCBuildConfiguration section */
		E601844C163AE0F400B2869C /* Debug */ = {
			isa = XCBuildConfiguration;
			buildSettings = {
				ALWAYS_SEARCH_USER_PATHS = NO;
				CLANG_CXX_LANGUAGE_STANDARD = "gnu++0x";
				CLANG_CXX_LIBRARY = "libc++";
				CLANG_ENABLE_OBJC_ARC = YES;
				CLANG_WARN_EMPTY_BODY = YES;
				CLANG_WARN__DUPLICATE_METHOD_MATCH = YES;
				"CODE_SIGN_IDENTITY[sdk=iphoneos*]" = "iPhone Developer";
				COPY_PHASE_STRIP = NO;
				GCC_C_LANGUAGE_STANDARD = gnu99;
				GCC_DYNAMIC_NO_PIC = NO;
				GCC_OPTIMIZATION_LEVEL = 0;
				GCC_PREPROCESSOR_DEFINITIONS = (
					"DEBUG=1",
					"$(inherited)",
				);
				GCC_SYMBOLS_PRIVATE_EXTERN = NO;
				GCC_WARN_ABOUT_RETURN_TYPE = YES;
				GCC_WARN_UNINITIALIZED_AUTOS = YES;
				GCC_WARN_UNUSED_VARIABLE = YES;
				IPHONEOS_DEPLOYMENT_TARGET = 6.0;
				SDKROOT = iphoneos;
			};
			name = Debug;
		};
		E601844D163AE0F400B2869C /* Release */ = {
			isa = XCBuildConfiguration;
			buildSettings = {
				ALWAYS_SEARCH_USER_PATHS = NO;
				CLANG_CXX_LANGUAGE_STANDARD = "gnu++0x";
				CLANG_CXX_LIBRARY = "libc++";
				CLANG_ENABLE_OBJC_ARC = YES;
				CLANG_WARN_EMPTY_BODY = YES;
				CLANG_WARN__DUPLICATE_METHOD_MATCH = YES;
				"CODE_SIGN_IDENTITY[sdk=iphoneos*]" = "iPhone Developer";
				COPY_PHASE_STRIP = YES;
				GCC_C_LANGUAGE_STANDARD = gnu99;
				GCC_WARN_ABOUT_RETURN_TYPE = YES;
				GCC_WARN_UNINITIALIZED_AUTOS = YES;
				GCC_WARN_UNUSED_VARIABLE = YES;
				IPHONEOS_DEPLOYMENT_TARGET = 6.0;
				OTHER_CFLAGS = "-DNS_BLOCK_ASSERTIONS=1";
				SDKROOT = iphoneos;
				VALIDATE_PRODUCT = YES;
			};
			name = Release;
		};
		E601844F163AE0F400B2869C /* Debug */ = {
			isa = XCBuildConfiguration;
			buildSettings = {
				GCC_PRECOMPILE_PREFIX_HEADER = YES;
				GCC_PREFIX_HEADER = "GordiveryApp/GordiveryApp-Prefix.pch";
				INFOPLIST_FILE = "GordiveryApp/GordiveryApp-Info.plist";
				PRODUCT_NAME = "$(TARGET_NAME)";
				WRAPPER_EXTENSION = app;
			};
			name = Debug;
		};
		E6018450163AE0F400B2869C /* Release */ = {
			isa = XCBuildConfiguration;
			buildSettings = {
				GCC_PRECOMPILE_PREFIX_HEADER = YES;
				GCC_PREFIX_HEADER = "GordiveryApp/GordiveryApp-Prefix.pch";
				INFOPLIST_FILE = "GordiveryApp/GordiveryApp-Info.plist";
				PRODUCT_NAME = "$(TARGET_NAME)";
				WRAPPER_EXTENSION = app;
			};
			name = Release;
		};
/* End XCBuildConfiguration section */

/* Begin XCConfigurationList section */
		E6018419163AE0F400B2869C /* Build configuration list for PBXProject "GordiveryApp" */ = {
			isa = XCConfigurationList;
			buildConfigurations = (
				E601844C163AE0F400B2869C /* Debug */,
				E601844D163AE0F400B2869C /* Release */,
			);
			defaultConfigurationIsVisible = 0;
			defaultConfigurationName = Release;
		};
		E601844E163AE0F400B2869C /* Build configuration list for PBXNativeTarget "GordiveryApp" */ = {
			isa = XCConfigurationList;
			buildConfigurations = (
				E601844F163AE0F400B2869C /* Debug */,
				E6018450163AE0F400B2869C /* Release */,
			);
			defaultConfigurationIsVisible = 0;
			defaultConfigurationName = Release;
		};
/* End XCConfigurationList section */
	};
	rootObject = E6018416163AE0F400B2869C /* Project object */;
}
